
Microsoft Visual Studio Solution File, Format Version 12.00
Project("{FAE04EC0-301F-11D3-BF4B-00C04F79EFBC}") = "MultiVendorRestaurantManagement", "MultiVendorRestaurantManagement\MultiVendorRestaurantManagement.csproj", "{DD1C90EC-4246-49CE-9085-0697C6B54BEC}"
EndProject
Project("{FAE04EC0-301F-11D3-BF4B-00C04F79EFBC}") = "Common", "Common\Common.csproj", "{97D3964A-7873-4B4A-92DE-ACB36277B08D}"
EndProject
Project("{FAE04EC0-301F-11D3-BF4B-00C04F79EFBC}") = "MultiVendorRestaurantManagement.Domain", "MultiVendorRestaurantManagement.Domain\MultiVendorRestaurantManagement.Domain.csproj", "{D950C487-2130-4C91-B499-59D408751850}"
EndProject
Project("{FAE04EC0-301F-11D3-BF4B-00C04F79EFBC}") = "MultiVendorRestaurantManagement.Infrastructure", "MultiVendorRestaurantManagement.Infrastructure\MultiVendorRestaurantManagement.Infrastructure.csproj", "{BB798048-B36B-4C76-A39A-BBB9616E12A1}"
EndProject
Project("{2150E333-8FDC-42A3-9474-1A3956D46DE8}") = "RestaurantManagement", "RestaurantManagement", "{4154067C-F81E-442B-9AB9-E24A8814B993}"
EndProject
Project("{2150E333-8FDC-42A3-9474-1A3956D46DE8}") = "CatalogueView", "CatalogueView", "{53AC83BD-FF68-4D85-86C7-F70960E123D5}"
EndProject
Project("{FAE04EC0-301F-11D3-BF4B-00C04F79EFBC}") = "Catalogue", "Catalogue\Catalogue.csproj", "{C6462EE2-6C3C-415B-9F0A-605AD089E271}"
EndProject
Project("{FAE04EC0-301F-11D3-BF4B-00C04F79EFBC}") = "Catalogue.Common", "Catalogue.Common\Catalogue.Common.csproj", "{D505C268-94A3-4D17-AC2E-58CBDEA1E372}"
EndProject
Project("{FAE04EC0-301F-11D3-BF4B-00C04F79EFBC}") = "Catalogue.Infrastracture", "Catalogue.Infrastracture\Catalogue.Infrastracture.csproj", "{91BE7CA3-4E1C-4011-91ED-F7D85A54052B}"
EndProject
Project("{2150E333-8FDC-42A3-9474-1A3956D46DE8}") = "MessengerBot", "MessengerBot", "{1E253A3B-721B-4396-8E23-F9944E930FE7}"
EndProject
Project("{FAE04EC0-301F-11D3-BF4B-00C04F79EFBC}") = "MessengerBotAPI", "MessengerBotAPI\MessengerBotAPI.csproj", "{4D883ACF-0ABB-4A08-965C-A8213385DBA7}"
EndProject
Project("{2150E333-8FDC-42A3-9474-1A3956D46DE8}") = "Basket", "Basket", "{5284E1B7-52A2-439A-9FA6-8F0808257963}"
EndProject
Project("{FAE04EC0-301F-11D3-BF4B-00C04F79EFBC}") = "BasketManagement", "BasketManagement\BasketManagement.csproj", "{8D6B41D4-88CD-40A7-8BB3-B13843229D13}"
EndProject
Project("{FAE04EC0-301F-11D3-BF4B-00C04F79EFBC}") = "BasketManagement.Domain", "BasketManagement.Domain\BasketManagement.Domain.csproj", "{F6DED58C-511C-4E4B-A313-9C7C56E03A2A}"
EndProject
Project("{FAE04EC0-301F-11D3-BF4B-00C04F79EFBC}") = "BasketManagement.Common", "BasketManagement.Common\BasketManagement.Common.csproj", "{83077C8C-BCCC-4EF3-859F-88BDDC9BC96B}"
EndProject
Global
	GlobalSection(SolutionConfigurationPlatforms) = preSolution
		Debug|Any CPU = Debug|Any CPU
		Release|Any CPU = Release|Any CPU
	EndGlobalSection
	GlobalSection(ProjectConfigurationPlatforms) = postSolution
		{DD1C90EC-4246-49CE-9085-0697C6B54BEC}.Debug|Any CPU.ActiveCfg = Debug|Any CPU
		{DD1C90EC-4246-49CE-9085-0697C6B54BEC}.Debug|Any CPU.Build.0 = Debug|Any CPU
		{DD1C90EC-4246-49CE-9085-0697C6B54BEC}.Release|Any CPU.ActiveCfg = Release|Any CPU
		{DD1C90EC-4246-49CE-9085-0697C6B54BEC}.Release|Any CPU.Build.0 = Release|Any CPU
		{97D3964A-7873-4B4A-92DE-ACB36277B08D}.Debug|Any CPU.ActiveCfg = Debug|Any CPU
		{97D3964A-7873-4B4A-92DE-ACB36277B08D}.Debug|Any CPU.Build.0 = Debug|Any CPU
		{97D3964A-7873-4B4A-92DE-ACB36277B08D}.Release|Any CPU.ActiveCfg = Release|Any CPU
		{97D3964A-7873-4B4A-92DE-ACB36277B08D}.Release|Any CPU.Build.0 = Release|Any CPU
		{D950C487-2130-4C91-B499-59D408751850}.Debug|Any CPU.ActiveCfg = Debug|Any CPU
		{D950C487-2130-4C91-B499-59D408751850}.Debug|Any CPU.Build.0 = Debug|Any CPU
		{D950C487-2130-4C91-B499-59D408751850}.Release|Any CPU.ActiveCfg = Release|Any CPU
		{D950C487-2130-4C91-B499-59D408751850}.Release|Any CPU.Build.0 = Release|Any CPU
		{BB798048-B36B-4C76-A39A-BBB9616E12A1}.Debug|Any CPU.ActiveCfg = Debug|Any CPU
		{BB798048-B36B-4C76-A39A-BBB9616E12A1}.Debug|Any CPU.Build.0 = Debug|Any CPU
		{BB798048-B36B-4C76-A39A-BBB9616E12A1}.Release|Any CPU.ActiveCfg = Release|Any CPU
		{BB798048-B36B-4C76-A39A-BBB9616E12A1}.Release|Any CPU.Build.0 = Release|Any CPU
		{C6462EE2-6C3C-415B-9F0A-605AD089E271}.Debug|Any CPU.ActiveCfg = Debug|Any CPU
		{C6462EE2-6C3C-415B-9F0A-605AD089E271}.Debug|Any CPU.Build.0 = Debug|Any CPU
		{C6462EE2-6C3C-415B-9F0A-605AD089E271}.Release|Any CPU.ActiveCfg = Release|Any CPU
		{C6462EE2-6C3C-415B-9F0A-605AD089E271}.Release|Any CPU.Build.0 = Release|Any CPU
		{D505C268-94A3-4D17-AC2E-58CBDEA1E372}.Debug|Any CPU.ActiveCfg = Debug|Any CPU
		{D505C268-94A3-4D17-AC2E-58CBDEA1E372}.Debug|Any CPU.Build.0 = Debug|Any CPU
		{D505C268-94A3-4D17-AC2E-58CBDEA1E372}.Release|Any CPU.ActiveCfg = Release|Any CPU
		{D505C268-94A3-4D17-AC2E-58CBDEA1E372}.Release|Any CPU.Build.0 = Release|Any CPU
		{91BE7CA3-4E1C-4011-91ED-F7D85A54052B}.Debug|Any CPU.ActiveCfg = Debug|Any CPU
		{91BE7CA3-4E1C-4011-91ED-F7D85A54052B}.Debug|Any CPU.Build.0 = Debug|Any CPU
		{91BE7CA3-4E1C-4011-91ED-F7D85A54052B}.Release|Any CPU.ActiveCfg = Release|Any CPU
		{91BE7CA3-4E1C-4011-91ED-F7D85A54052B}.Release|Any CPU.Build.0 = Release|Any CPU
		{4D883ACF-0ABB-4A08-965C-A8213385DBA7}.Debug|Any CPU.ActiveCfg = Debug|Any CPU
		{4D883ACF-0ABB-4A08-965C-A8213385DBA7}.Debug|Any CPU.Build.0 = Debug|Any CPU
		{4D883ACF-0ABB-4A08-965C-A8213385DBA7}.Release|Any CPU.ActiveCfg = Release|Any CPU
		{4D883ACF-0ABB-4A08-965C-A8213385DBA7}.Release|Any CPU.Build.0 = Release|Any CPU
		{8D6B41D4-88CD-40A7-8BB3-B13843229D13}.Debug|Any CPU.ActiveCfg = Debug|Any CPU
		{8D6B41D4-88CD-40A7-8BB3-B13843229D13}.Debug|Any CPU.Build.0 = Debug|Any CPU
		{8D6B41D4-88CD-40A7-8BB3-B13843229D13}.Release|Any CPU.ActiveCfg = Release|Any CPU
		{8D6B41D4-88CD-40A7-8BB3-B13843229D13}.Release|Any CPU.Build.0 = Release|Any CPU
		{F6DED58C-511C-4E4B-A313-9C7C56E03A2A}.Debug|Any CPU.ActiveCfg = Debug|Any CPU
		{F6DED58C-511C-4E4B-A313-9C7C56E03A2A}.Debug|Any CPU.Build.0 = Debug|Any CPU
		{F6DED58C-511C-4E4B-A313-9C7C56E03A2A}.Release|Any CPU.ActiveCfg = Release|Any CPU
		{F6DED58C-511C-4E4B-A313-9C7C56E03A2A}.Release|Any CPU.Build.0 = Release|Any CPU
		{83077C8C-BCCC-4EF3-859F-88BDDC9BC96B}.Debug|Any CPU.ActiveCfg = Debug|Any CPU
		{83077C8C-BCCC-4EF3-859F-88BDDC9BC96B}.Debug|Any CPU.Build.0 = Debug|Any CPU
		{83077C8C-BCCC-4EF3-859F-88BDDC9BC96B}.Release|Any CPU.ActiveCfg = Release|Any CPU
		{83077C8C-BCCC-4EF3-859F-88BDDC9BC96B}.Release|Any CPU.Build.0 = Release|Any CPU
	EndGlobalSection
	GlobalSection(NestedProjects) = preSolution
		{97D3964A-7873-4B4A-92DE-ACB36277B08D} = {4154067C-F81E-442B-9AB9-E24A8814B993}
		{DD1C90EC-4246-49CE-9085-0697C6B54BEC} = {4154067C-F81E-442B-9AB9-E24A8814B993}
		{D950C487-2130-4C91-B499-59D408751850} = {4154067C-F81E-442B-9AB9-E24A8814B993}
		{BB798048-B36B-4C76-A39A-BBB9616E12A1} = {4154067C-F81E-442B-9AB9-E24A8814B993}
		{C6462EE2-6C3C-415B-9F0A-605AD089E271} = {53AC83BD-FF68-4D85-86C7-F70960E123D5}
		{D505C268-94A3-4D17-AC2E-58CBDEA1E372} = {53AC83BD-FF68-4D85-86C7-F70960E123D5}
		{91BE7CA3-4E1C-4011-91ED-F7D85A54052B} = {53AC83BD-FF68-4D85-86C7-F70960E123D5}
		{4D883ACF-0ABB-4A08-965C-A8213385DBA7} = {1E253A3B-721B-4396-8E23-F9944E930FE7}
		{8D6B41D4-88CD-40A7-8BB3-B13843229D13} = {5284E1B7-52A2-439A-9FA6-8F0808257963}
		{F6DED58C-511C-4E4B-A313-9C7C56E03A2A} = {5284E1B7-52A2-439A-9FA6-8F0808257963}
		{83077C8C-BCCC-4EF3-859F-88BDDC9BC96B} = {5284E1B7-52A2-439A-9FA6-8F0808257963}
	EndGlobalSection
EndGlobal
